
Microsoft Visual Studio Solution File, Format Version 12.00
# Visual Studio Version 16
VisualStudioVersion = 16.0.31911.196
MinimumVisualStudioVersion = 10.0.40219.1
Project("{8BC9CEB8-8B4A-11D0-8D11-00A0C91BC942}") = "KBMidi", "KBMidi.vcxproj", "{EACEA95C-CCC1-4119-8CAB-AF65677FBC4B}"
EndProject
Global
	GlobalSection(SolutionConfigurationPlatforms) = preSolution
		Debug|x86 = Debug|x86
		Release|x86 = Release|x86
	EndGlobalSection
	GlobalSection(ProjectConfigurationPlatforms) = postSolution
		{EACEA95C-CCC1-4119-8CAB-AF65677FBC4B}.Debug|x86.ActiveCfg = Debug|Win32
		{EACEA95C-CCC1-4119-8CAB-AF65677FBC4B}.Debug|x86.Build.0 = Debug|Win32
		{EACEA95C-CCC1-4119-8CAB-AF65677FBC4B}.Release|x86.ActiveCfg = Release|Win32
		{EACEA95C-CCC1-4119-8CAB-AF65677FBC4B}.Release|x86.Build.0 = Release|Win32
	EndGlobalSection
	GlobalSection(SolutionProperties) = preSolution
		HideSolutionNode = FALSE
	EndGlobalSection
	GlobalSection(ExtensibilityGlobals) = postSolution
		SolutionGuid = {30D057E1-23C0-439C-8CBD-7856B98FF878}
	EndGlobalSection
EndGlobal
