
Microsoft Visual Studio Solution File, Format Version 12.00
# Visual Studio Version 16
VisualStudioVersion = 16.0.31911.196
MinimumVisualStudioVersion = 10.0.40219.1
Project("{8BC9CEB8-8B4A-11D0-8D11-00A0C91BC942}") = "Scramble", "Scramble.vcxproj", "{FE7B7780-4E84-4CB9-A4AB-48D7BDE1B3A8}"
EndProject
Global
	GlobalSection(SolutionConfigurationPlatforms) = preSolution
		Debug|x86 = Debug|x86
		Release|x86 = Release|x86
	EndGlobalSection
	GlobalSection(ProjectConfigurationPlatforms) = postSolution
		{FE7B7780-4E84-4CB9-A4AB-48D7BDE1B3A8}.Debug|x86.ActiveCfg = Debug|Win32
		{FE7B7780-4E84-4CB9-A4AB-48D7BDE1B3A8}.Debug|x86.Build.0 = Debug|Win32
		{FE7B7780-4E84-4CB9-A4AB-48D7BDE1B3A8}.Release|x86.ActiveCfg = Release|Win32
		{FE7B7780-4E84-4CB9-A4AB-48D7BDE1B3A8}.Release|x86.Build.0 = Release|Win32
	EndGlobalSection
	GlobalSection(SolutionProperties) = preSolution
		HideSolutionNode = FALSE
	EndGlobalSection
	GlobalSection(ExtensibilityGlobals) = postSolution
		SolutionGuid = {C35DEE16-CEDA-426B-9DA6-56FCBA421AE3}
	EndGlobalSection
EndGlobal
