
Microsoft Visual Studio Solution File, Format Version 12.00
# Visual Studio Version 16
VisualStudioVersion = 16.0.31911.196
MinimumVisualStudioVersion = 10.0.40219.1
Project("{8BC9CEB8-8B4A-11D0-8D11-00A0C91BC942}") = "EndJoin", "EndJoin.vcxproj", "{57156259-1B2A-4192-A16F-8CC39B796691}"
EndProject
Global
	GlobalSection(SolutionConfigurationPlatforms) = preSolution
		Debug|x86 = Debug|x86
		Release|x86 = Release|x86
	EndGlobalSection
	GlobalSection(ProjectConfigurationPlatforms) = postSolution
		{57156259-1B2A-4192-A16F-8CC39B796691}.Debug|x86.ActiveCfg = Debug|Win32
		{57156259-1B2A-4192-A16F-8CC39B796691}.Debug|x86.Build.0 = Debug|Win32
		{57156259-1B2A-4192-A16F-8CC39B796691}.Release|x86.ActiveCfg = Release|Win32
		{57156259-1B2A-4192-A16F-8CC39B796691}.Release|x86.Build.0 = Release|Win32
	EndGlobalSection
	GlobalSection(SolutionProperties) = preSolution
		HideSolutionNode = FALSE
	EndGlobalSection
	GlobalSection(ExtensibilityGlobals) = postSolution
		SolutionGuid = {AAD69E12-3517-412E-BFED-8E2B43FA385F}
	EndGlobalSection
EndGlobal
