
Microsoft Visual Studio Solution File, Format Version 12.00
# Visual Studio Version 17
VisualStudioVersion = 17.10.35027.167
MinimumVisualStudioVersion = 10.0.40219.1
Project("{2150E333-8FDC-42A3-9474-1A3956D46DE8}") = "AppendixA", "AppendixA", "{89D280C1-D73B-4CD8-A7E0-0ED4CBD7F5D7}"
EndProject
Project("{2150E333-8FDC-42A3-9474-1A3956D46DE8}") = "Common", "Common", "{00A0BA6B-4EC6-47DF-827A-47425F80B151}"
EndProject
Project("{2150E333-8FDC-42A3-9474-1A3956D46DE8}") = "Chapter01_VectorAlgebra", "Chapter01_VectorAlgebra", "{D59D24EE-D846-4BF8-897F-8842BB4C67C2}"
EndProject
Project("{2150E333-8FDC-42A3-9474-1A3956D46DE8}") = "Chapter02_MatrixAlgebra", "Chapter02_MatrixAlgebra", "{01F53247-BB1E-4E4A-892A-5568E372E900}"
EndProject
Project("{2150E333-8FDC-42A3-9474-1A3956D46DE8}") = "Textures", "Textures", "{C09CA855-643A-4254-B916-C9480340FCE8}"
EndProject
Project("{8BC9CEB8-8B4A-11D0-8D11-00A0C91BC942}") = "Win32Basic", "AppendixA\Win32Basic\Win32Basic\Win32Basic.vcxproj", "{5965841E-A7B7-40C9-A896-178C206D49D4}"
EndProject
Project("{2150E333-8FDC-42A3-9474-1A3956D46DE8}") = "Chapter00_Win32Basics", "Chapter00_Win32Basics", "{31500936-2C53-4B56-9711-8F9B54ABA696}"
EndProject
Project("{8BC9CEB8-8B4A-11D0-8D11-00A0C91BC942}") = "Win32App", "Chapter00_Win32Basics\Win32App\Win32App\Win32App.vcxproj", "{9F2804DA-8C52-4443-87ED-BA5BCCC54ACC}"
EndProject
Project("{8BC9CEB8-8B4A-11D0-8D11-00A0C91BC942}") = "XmVector", "Chapter01_VectorAlgebra\XmVector\XmVector\XmVector.vcxproj", "{F1D359ED-DF48-4FB7-A609-4A2352A8A92A}"
EndProject
Project("{8BC9CEB8-8B4A-11D0-8D11-00A0C91BC942}") = "XMMATRIX", "Chapter02_MatrixAlgebra\XMMATRIX\XMMATRIX.vcxproj", "{2E2B8A13-9F94-4FC4-8BDA-D8CDA492CEAE}"
EndProject
Project("{2150E333-8FDC-42A3-9474-1A3956D46DE8}") = "Chapter04_InitializeDirect3D", "Chapter04_InitializeDirect3D", "{55797412-FDF9-41C2-B9E9-185CEEB84B39}"
EndProject
Project("{8BC9CEB8-8B4A-11D0-8D11-00A0C91BC942}") = "Init Direct3D", "Chapter04_InitializeDirect3D\Init Direct3D\Init Direct3D.vcxproj", "{C4680F18-E037-4881-A760-CF9AC4C668C5}"
EndProject
Project("{2150E333-8FDC-42A3-9474-1A3956D46DE8}") = "Chapter06_DrawingInDirect3D", "Chapter06_DrawingInDirect3D", "{E5EED0E6-407B-4FBE-BE2D-7DE3F7A6541A}"
EndProject
Project("{8BC9CEB8-8B4A-11D0-8D11-00A0C91BC942}") = "Box", "Chapter06_DrawingInDirect3D\Box\Box.vcxproj", "{B590A678-E935-4AED-AF1F-3B6D02A4AE95}"
EndProject
Global
	GlobalSection(SolutionConfigurationPlatforms) = preSolution
		Debug|x64 = Debug|x64
		Debug|x86 = Debug|x86
		Release|x64 = Release|x64
		Release|x86 = Release|x86
	EndGlobalSection
	GlobalSection(ProjectConfigurationPlatforms) = postSolution
		{5965841E-A7B7-40C9-A896-178C206D49D4}.Debug|x64.ActiveCfg = Debug|x64
		{5965841E-A7B7-40C9-A896-178C206D49D4}.Debug|x64.Build.0 = Debug|x64
		{5965841E-A7B7-40C9-A896-178C206D49D4}.Debug|x86.ActiveCfg = Debug|Win32
		{5965841E-A7B7-40C9-A896-178C206D49D4}.Debug|x86.Build.0 = Debug|Win32
		{5965841E-A7B7-40C9-A896-178C206D49D4}.Release|x64.ActiveCfg = Release|x64
		{5965841E-A7B7-40C9-A896-178C206D49D4}.Release|x64.Build.0 = Release|x64
		{5965841E-A7B7-40C9-A896-178C206D49D4}.Release|x86.ActiveCfg = Release|Win32
		{5965841E-A7B7-40C9-A896-178C206D49D4}.Release|x86.Build.0 = Release|Win32
		{9F2804DA-8C52-4443-87ED-BA5BCCC54ACC}.Debug|x64.ActiveCfg = Debug|x64
		{9F2804DA-8C52-4443-87ED-BA5BCCC54ACC}.Debug|x64.Build.0 = Debug|x64
		{9F2804DA-8C52-4443-87ED-BA5BCCC54ACC}.Debug|x86.ActiveCfg = Debug|Win32
		{9F2804DA-8C52-4443-87ED-BA5BCCC54ACC}.Debug|x86.Build.0 = Debug|Win32
		{9F2804DA-8C52-4443-87ED-BA5BCCC54ACC}.Release|x64.ActiveCfg = Release|x64
		{9F2804DA-8C52-4443-87ED-BA5BCCC54ACC}.Release|x64.Build.0 = Release|x64
		{9F2804DA-8C52-4443-87ED-BA5BCCC54ACC}.Release|x86.ActiveCfg = Release|Win32
		{9F2804DA-8C52-4443-87ED-BA5BCCC54ACC}.Release|x86.Build.0 = Release|Win32
		{F1D359ED-DF48-4FB7-A609-4A2352A8A92A}.Debug|x64.ActiveCfg = Debug|x64
		{F1D359ED-DF48-4FB7-A609-4A2352A8A92A}.Debug|x64.Build.0 = Debug|x64
		{F1D359ED-DF48-4FB7-A609-4A2352A8A92A}.Debug|x86.ActiveCfg = Debug|Win32
		{F1D359ED-DF48-4FB7-A609-4A2352A8A92A}.Debug|x86.Build.0 = Debug|Win32
		{F1D359ED-DF48-4FB7-A609-4A2352A8A92A}.Release|x64.ActiveCfg = Release|x64
		{F1D359ED-DF48-4FB7-A609-4A2352A8A92A}.Release|x64.Build.0 = Release|x64
		{F1D359ED-DF48-4FB7-A609-4A2352A8A92A}.Release|x86.ActiveCfg = Release|Win32
		{F1D359ED-DF48-4FB7-A609-4A2352A8A92A}.Release|x86.Build.0 = Release|Win32
		{2E2B8A13-9F94-4FC4-8BDA-D8CDA492CEAE}.Debug|x64.ActiveCfg = Debug|x64
		{2E2B8A13-9F94-4FC4-8BDA-D8CDA492CEAE}.Debug|x64.Build.0 = Debug|x64
		{2E2B8A13-9F94-4FC4-8BDA-D8CDA492CEAE}.Debug|x86.ActiveCfg = Debug|Win32
		{2E2B8A13-9F94-4FC4-8BDA-D8CDA492CEAE}.Debug|x86.Build.0 = Debug|Win32
		{2E2B8A13-9F94-4FC4-8BDA-D8CDA492CEAE}.Release|x64.ActiveCfg = Release|x64
		{2E2B8A13-9F94-4FC4-8BDA-D8CDA492CEAE}.Release|x64.Build.0 = Release|x64
		{2E2B8A13-9F94-4FC4-8BDA-D8CDA492CEAE}.Release|x86.ActiveCfg = Release|Win32
		{2E2B8A13-9F94-4FC4-8BDA-D8CDA492CEAE}.Release|x86.Build.0 = Release|Win32
		{C4680F18-E037-4881-A760-CF9AC4C668C5}.Debug|x64.ActiveCfg = Debug|x64
		{C4680F18-E037-4881-A760-CF9AC4C668C5}.Debug|x64.Build.0 = Debug|x64
		{C4680F18-E037-4881-A760-CF9AC4C668C5}.Debug|x86.ActiveCfg = Debug|Win32
		{C4680F18-E037-4881-A760-CF9AC4C668C5}.Debug|x86.Build.0 = Debug|Win32
		{C4680F18-E037-4881-A760-CF9AC4C668C5}.Release|x64.ActiveCfg = Release|x64
		{C4680F18-E037-4881-A760-CF9AC4C668C5}.Release|x64.Build.0 = Release|x64
		{C4680F18-E037-4881-A760-CF9AC4C668C5}.Release|x86.ActiveCfg = Release|Win32
		{C4680F18-E037-4881-A760-CF9AC4C668C5}.Release|x86.Build.0 = Release|Win32
		{B590A678-E935-4AED-AF1F-3B6D02A4AE95}.Debug|x64.ActiveCfg = Debug|x64
		{B590A678-E935-4AED-AF1F-3B6D02A4AE95}.Debug|x64.Build.0 = Debug|x64
		{B590A678-E935-4AED-AF1F-3B6D02A4AE95}.Debug|x86.ActiveCfg = Debug|Win32
		{B590A678-E935-4AED-AF1F-3B6D02A4AE95}.Debug|x86.Build.0 = Debug|Win32
		{B590A678-E935-4AED-AF1F-3B6D02A4AE95}.Release|x64.ActiveCfg = Release|x64
		{B590A678-E935-4AED-AF1F-3B6D02A4AE95}.Release|x64.Build.0 = Release|x64
		{B590A678-E935-4AED-AF1F-3B6D02A4AE95}.Release|x86.ActiveCfg = Release|Win32
		{B590A678-E935-4AED-AF1F-3B6D02A4AE95}.Release|x86.Build.0 = Release|Win32
	EndGlobalSection
	GlobalSection(SolutionProperties) = preSolution
		HideSolutionNode = FALSE
	EndGlobalSection
	GlobalSection(NestedProjects) = preSolution
		{5965841E-A7B7-40C9-A896-178C206D49D4} = {89D280C1-D73B-4CD8-A7E0-0ED4CBD7F5D7}
		{9F2804DA-8C52-4443-87ED-BA5BCCC54ACC} = {31500936-2C53-4B56-9711-8F9B54ABA696}
		{F1D359ED-DF48-4FB7-A609-4A2352A8A92A} = {D59D24EE-D846-4BF8-897F-8842BB4C67C2}
		{2E2B8A13-9F94-4FC4-8BDA-D8CDA492CEAE} = {01F53247-BB1E-4E4A-892A-5568E372E900}
		{C4680F18-E037-4881-A760-CF9AC4C668C5} = {55797412-FDF9-41C2-B9E9-185CEEB84B39}
		{B590A678-E935-4AED-AF1F-3B6D02A4AE95} = {E5EED0E6-407B-4FBE-BE2D-7DE3F7A6541A}
	EndGlobalSection
	GlobalSection(ExtensibilityGlobals) = postSolution
		SolutionGuid = {834256D1-705B-4B37-8339-7F6F37C6C5B3}
	EndGlobalSection
EndGlobal
