
Microsoft Visual Studio Solution File, Format Version 12.00
# Visual Studio Version 16
VisualStudioVersion = 16.0.31005.135
MinimumVisualStudioVersion = 10.0.40219.1
Project("{9A19103F-16F7-4668-BE54-9A1E7A4F7556}") = "C1501CraftTheToolbar", "C1501CraftTheToolbar\C1501CraftTheToolbar.csproj", "{BF675FED-1C53-4D5C-8335-7982BBC7E7C4}"
EndProject
Project("{9A19103F-16F7-4668-BE54-9A1E7A4F7556}") = "C1502MoveTheToolbar", "C1502MoveTheToolbar\C1502MoveTheToolbar.csproj", "{B7D6EB21-DBFE-4DCB-AA8B-D9D471C4C2F1}"
EndProject
Project("{9A19103F-16F7-4668-BE54-9A1E7A4F7556}") = "C1503FormatRichText", "C1503FormatRichText\C1503FormatRichText.csproj", "{9928AABE-097F-4F2B-9EF7-0E993AA8F0D7}"
EndProject
Global
	GlobalSection(SolutionConfigurationPlatforms) = preSolution
		Debug|Any CPU = Debug|Any CPU
		Release|Any CPU = Release|Any CPU
	EndGlobalSection
	GlobalSection(ProjectConfigurationPlatforms) = postSolution
		{BF675FED-1C53-4D5C-8335-7982BBC7E7C4}.Debug|Any CPU.ActiveCfg = Debug|Any CPU
		{BF675FED-1C53-4D5C-8335-7982BBC7E7C4}.Debug|Any CPU.Build.0 = Debug|Any CPU
		{BF675FED-1C53-4D5C-8335-7982BBC7E7C4}.Release|Any CPU.ActiveCfg = Release|Any CPU
		{BF675FED-1C53-4D5C-8335-7982BBC7E7C4}.Release|Any CPU.Build.0 = Release|Any CPU
		{B7D6EB21-DBFE-4DCB-AA8B-D9D471C4C2F1}.Debug|Any CPU.ActiveCfg = Debug|Any CPU
		{B7D6EB21-DBFE-4DCB-AA8B-D9D471C4C2F1}.Debug|Any CPU.Build.0 = Debug|Any CPU
		{B7D6EB21-DBFE-4DCB-AA8B-D9D471C4C2F1}.Release|Any CPU.ActiveCfg = Release|Any CPU
		{B7D6EB21-DBFE-4DCB-AA8B-D9D471C4C2F1}.Release|Any CPU.Build.0 = Release|Any CPU
		{9928AABE-097F-4F2B-9EF7-0E993AA8F0D7}.Debug|Any CPU.ActiveCfg = Debug|Any CPU
		{9928AABE-097F-4F2B-9EF7-0E993AA8F0D7}.Debug|Any CPU.Build.0 = Debug|Any CPU
		{9928AABE-097F-4F2B-9EF7-0E993AA8F0D7}.Release|Any CPU.ActiveCfg = Release|Any CPU
		{9928AABE-097F-4F2B-9EF7-0E993AA8F0D7}.Release|Any CPU.Build.0 = Release|Any CPU
	EndGlobalSection
	GlobalSection(SolutionProperties) = preSolution
		HideSolutionNode = FALSE
	EndGlobalSection
	GlobalSection(ExtensibilityGlobals) = postSolution
		SolutionGuid = {3B3A0B6F-742E-4BED-BD7A-2CDD0678CE1D}
	EndGlobalSection
EndGlobal
