
Microsoft Visual Studio Solution File, Format Version 12.00
# Visual Studio Version 16
VisualStudioVersion = 16.0.30907.101
MinimumVisualStudioVersion = 10.0.40219.1
Project("{FAE04EC0-301F-11D3-BF4B-00C04F79EFBC}") = "HelloPrism4", "HelloPrism4\HelloPrism4.csproj", "{65038D11-4A6D-4F71-B60F-2C12B6957E3F}"
EndProject
Project("{FAE04EC0-301F-11D3-BF4B-00C04F79EFBC}") = "ModuleA", "ModuleA\ModuleA.csproj", "{C707CB70-25AB-44EA-9941-4B5EE46C6A8B}"
EndProject
Global
	GlobalSection(SolutionConfigurationPlatforms) = preSolution
		Debug|Any CPU = Debug|Any CPU
		Release|Any CPU = Release|Any CPU
	EndGlobalSection
	GlobalSection(ProjectConfigurationPlatforms) = postSolution
		{65038D11-4A6D-4F71-B60F-2C12B6957E3F}.Debug|Any CPU.ActiveCfg = Debug|Any CPU
		{65038D11-4A6D-4F71-B60F-2C12B6957E3F}.Debug|Any CPU.Build.0 = Debug|Any CPU
		{65038D11-4A6D-4F71-B60F-2C12B6957E3F}.Release|Any CPU.ActiveCfg = Release|Any CPU
		{65038D11-4A6D-4F71-B60F-2C12B6957E3F}.Release|Any CPU.Build.0 = Release|Any CPU
		{C707CB70-25AB-44EA-9941-4B5EE46C6A8B}.Debug|Any CPU.ActiveCfg = Debug|Any CPU
		{C707CB70-25AB-44EA-9941-4B5EE46C6A8B}.Debug|Any CPU.Build.0 = Debug|Any CPU
		{C707CB70-25AB-44EA-9941-4B5EE46C6A8B}.Release|Any CPU.ActiveCfg = Release|Any CPU
		{C707CB70-25AB-44EA-9941-4B5EE46C6A8B}.Release|Any CPU.Build.0 = Release|Any CPU
	EndGlobalSection
	GlobalSection(SolutionProperties) = preSolution
		HideSolutionNode = FALSE
	EndGlobalSection
	GlobalSection(ExtensibilityGlobals) = postSolution
		SolutionGuid = {4788ECFF-E7C5-4796-AA1B-3CBD6EE8E46B}
	EndGlobalSection
EndGlobal
