
Microsoft Visual Studio Solution File, Format Version 12.00
# Visual Studio Version 17
VisualStudioVersion = 17.0.31919.166
MinimumVisualStudioVersion = 10.0.40219.1
Project("{8BC9CEB8-8B4A-11D0-8D11-00A0C91BC942}") = "C0801_Beeper1", "C0801_Beeper1\C0801_Beeper1.vcxproj", "{DFB4D2E0-06CB-4E5C-8E7B-2E4127CF12C8}"
EndProject
Project("{8BC9CEB8-8B4A-11D0-8D11-00A0C91BC942}") = "C0802_Beeper2", "C0802_Beeper2\C0802_Beeper2.vcxproj", "{038AFEAF-10D4-4792-B2D2-1DD1A37A80A6}"
EndProject
Project("{8BC9CEB8-8B4A-11D0-8D11-00A0C91BC942}") = "C0803_DigClock", "C0803_DigClock\C0803_DigClock.vcxproj", "{BD55DB20-AD36-4AB3-A0F6-4153BBF74962}"
EndProject
Project("{8BC9CEB8-8B4A-11D0-8D11-00A0C91BC942}") = "C0804_Clock", "C0804_Clock\C0804_Clock.vcxproj", "{A275A0F7-DDCA-43C2-8652-02BBF604468D}"
EndProject
Project("{8BC9CEB8-8B4A-11D0-8D11-00A0C91BC942}") = "C0805_WhatClr", "C0805_WhatClr\C0805_WhatClr.vcxproj", "{0348ECF1-BB46-4167-978C-1452AD945782}"
EndProject
Global
	GlobalSection(SolutionConfigurationPlatforms) = preSolution
		Debug|x86 = Debug|x86
		Release|x86 = Release|x86
	EndGlobalSection
	GlobalSection(ProjectConfigurationPlatforms) = postSolution
		{DFB4D2E0-06CB-4E5C-8E7B-2E4127CF12C8}.Debug|x86.ActiveCfg = Debug|Win32
		{DFB4D2E0-06CB-4E5C-8E7B-2E4127CF12C8}.Debug|x86.Build.0 = Debug|Win32
		{DFB4D2E0-06CB-4E5C-8E7B-2E4127CF12C8}.Release|x86.ActiveCfg = Release|Win32
		{DFB4D2E0-06CB-4E5C-8E7B-2E4127CF12C8}.Release|x86.Build.0 = Release|Win32
		{038AFEAF-10D4-4792-B2D2-1DD1A37A80A6}.Debug|x86.ActiveCfg = Debug|Win32
		{038AFEAF-10D4-4792-B2D2-1DD1A37A80A6}.Debug|x86.Build.0 = Debug|Win32
		{038AFEAF-10D4-4792-B2D2-1DD1A37A80A6}.Release|x86.ActiveCfg = Release|Win32
		{038AFEAF-10D4-4792-B2D2-1DD1A37A80A6}.Release|x86.Build.0 = Release|Win32
		{BD55DB20-AD36-4AB3-A0F6-4153BBF74962}.Debug|x86.ActiveCfg = Debug|Win32
		{BD55DB20-AD36-4AB3-A0F6-4153BBF74962}.Debug|x86.Build.0 = Debug|Win32
		{BD55DB20-AD36-4AB3-A0F6-4153BBF74962}.Release|x86.ActiveCfg = Release|Win32
		{BD55DB20-AD36-4AB3-A0F6-4153BBF74962}.Release|x86.Build.0 = Release|Win32
		{A275A0F7-DDCA-43C2-8652-02BBF604468D}.Debug|x86.ActiveCfg = Debug|Win32
		{A275A0F7-DDCA-43C2-8652-02BBF604468D}.Debug|x86.Build.0 = Debug|Win32
		{A275A0F7-DDCA-43C2-8652-02BBF604468D}.Release|x86.ActiveCfg = Release|Win32
		{A275A0F7-DDCA-43C2-8652-02BBF604468D}.Release|x86.Build.0 = Release|Win32
		{0348ECF1-BB46-4167-978C-1452AD945782}.Debug|x86.ActiveCfg = Debug|Win32
		{0348ECF1-BB46-4167-978C-1452AD945782}.Debug|x86.Build.0 = Debug|Win32
		{0348ECF1-BB46-4167-978C-1452AD945782}.Release|x86.ActiveCfg = Release|Win32
		{0348ECF1-BB46-4167-978C-1452AD945782}.Release|x86.Build.0 = Release|Win32
	EndGlobalSection
	GlobalSection(SolutionProperties) = preSolution
		HideSolutionNode = FALSE
	EndGlobalSection
	GlobalSection(ExtensibilityGlobals) = postSolution
		SolutionGuid = {1EE57FB9-0714-4E06-9393-30CF73D03317}
	EndGlobalSection
EndGlobal
